
Microsoft Visual Studio Solution File, Format Version 12.00
# Visual Studio 15
VisualStudioVersion = 15.0.27703.2035
MinimumVisualStudioVersion = 10.0.40219.1
Project("{FAE04EC0-301F-11D3-BF4B-00C04F79EFBC}") = "Dziedziczenie", "Dziedziczenie\Dziedziczenie.csproj", "{B5A97991-E80E-4EFB-AA92-1D3763682254}"
EndProject
Global
	GlobalSection(SolutionConfigurationPlatforms) = preSolution
		Debug|Any CPU = Debug|Any CPU
		Release|Any CPU = Release|Any CPU
	EndGlobalSection
	GlobalSection(ProjectConfigurationPlatforms) = postSolution
		{B5A97991-E80E-4EFB-AA92-1D3763682254}.Debug|Any CPU.ActiveCfg = Debug|Any CPU
		{B5A97991-E80E-4EFB-AA92-1D3763682254}.Debug|Any CPU.Build.0 = Debug|Any CPU
		{B5A97991-E80E-4EFB-AA92-1D3763682254}.Release|Any CPU.ActiveCfg = Release|Any CPU
		{B5A97991-E80E-4EFB-AA92-1D3763682254}.Release|Any CPU.Build.0 = Release|Any CPU
	EndGlobalSection
	GlobalSection(SolutionProperties) = preSolution
		HideSolutionNode = FALSE
	EndGlobalSection
	GlobalSection(ExtensibilityGlobals) = postSolution
		SolutionGuid = {02397915-D6CE-4CC2-AEC0-C2D0FCCB3440}
	EndGlobalSection
EndGlobal
